
Microsoft Visual Studio Solution File, Format Version 12.00
# Visual Studio Version 17
VisualStudioVersion = 17.14.36414.22 d17.14
MinimumVisualStudioVersion = 10.0.40219.1
Project("{FAE04EC0-301F-11D3-BF4B-00C04F79EFBC}") = "CMCS.Prototype", "CMCS.Prototype\CMCS.Prototype.csproj", "{004EE822-1CCE-409F-80E3-40C78BF99EE6}"
EndProject
Global
	GlobalSection(SolutionConfigurationPlatforms) = preSolution
		Debug|Any CPU = Debug|Any CPU
		Release|Any CPU = Release|Any CPU
	EndGlobalSection
	GlobalSection(ProjectConfigurationPlatforms) = postSolution
		{004EE822-1CCE-409F-80E3-40C78BF99EE6}.Debug|Any CPU.ActiveCfg = Debug|Any CPU
		{004EE822-1CCE-409F-80E3-40C78BF99EE6}.Debug|Any CPU.Build.0 = Debug|Any CPU
		{004EE822-1CCE-409F-80E3-40C78BF99EE6}.Release|Any CPU.ActiveCfg = Release|Any CPU
		{004EE822-1CCE-409F-80E3-40C78BF99EE6}.Release|Any CPU.Build.0 = Release|Any CPU
	EndGlobalSection
	GlobalSection(SolutionProperties) = preSolution
		HideSolutionNode = FALSE
	EndGlobalSection
	GlobalSection(ExtensibilityGlobals) = postSolution
		SolutionGuid = {D0FB36F4-7364-4919-BBCA-96493003056B}
	EndGlobalSection
EndGlobal
